
Microsoft Visual Studio Solution File, Format Version 12.00
# Visual Studio Version 17
VisualStudioVersion = 17.9.34607.119
MinimumVisualStudioVersion = 10.0.40219.1
Project("{9A19103F-16F7-4668-BE54-9A1E7A4F7556}") = "BulkyWeb", "BulkyWeb\BulkyWeb.csproj", "{82BC332D-1EB5-424A-AEB0-5AEB19C92862}"
EndProject
Project("{FAE04EC0-301F-11D3-BF4B-00C04F79EFBC}") = "BulkyWeb_Razor_Temp", "BulkyWeb_Razor_Temp\BulkyWeb_Razor_Temp.csproj", "{7C3B8696-6800-46B3-BA4D-8B2AF8AE9F84}"
EndProject
Global
	GlobalSection(SolutionConfigurationPlatforms) = preSolution
		Debug|Any CPU = Debug|Any CPU
		Release|Any CPU = Release|Any CPU
	EndGlobalSection
	GlobalSection(ProjectConfigurationPlatforms) = postSolution
		{82BC332D-1EB5-424A-AEB0-5AEB19C92862}.Debug|Any CPU.ActiveCfg = Debug|Any CPU
		{82BC332D-1EB5-424A-AEB0-5AEB19C92862}.Debug|Any CPU.Build.0 = Debug|Any CPU
		{82BC332D-1EB5-424A-AEB0-5AEB19C92862}.Release|Any CPU.ActiveCfg = Release|Any CPU
		{82BC332D-1EB5-424A-AEB0-5AEB19C92862}.Release|Any CPU.Build.0 = Release|Any CPU
		{7C3B8696-6800-46B3-BA4D-8B2AF8AE9F84}.Debug|Any CPU.ActiveCfg = Debug|Any CPU
		{7C3B8696-6800-46B3-BA4D-8B2AF8AE9F84}.Debug|Any CPU.Build.0 = Debug|Any CPU
		{7C3B8696-6800-46B3-BA4D-8B2AF8AE9F84}.Release|Any CPU.ActiveCfg = Release|Any CPU
		{7C3B8696-6800-46B3-BA4D-8B2AF8AE9F84}.Release|Any CPU.Build.0 = Release|Any CPU
	EndGlobalSection
	GlobalSection(SolutionProperties) = preSolution
		HideSolutionNode = FALSE
	EndGlobalSection
	GlobalSection(ExtensibilityGlobals) = postSolution
		SolutionGuid = {29AB306E-FC48-42E3-A101-38B0BD2B01B5}
	EndGlobalSection
EndGlobal
